
Microsoft Visual Studio Solution File, Format Version 12.00
# Visual Studio Version 17
VisualStudioVersion = 17.14.36221.1 d17.14
MinimumVisualStudioVersion = 10.0.40219.1
Project("{FAE04EC0-301F-11D3-BF4B-00C04F79EFBC}") = "RestoranASP", "RestoranASP.csproj", "{EE4662F8-30C8-44EC-A55C-C4AF380EDEAE}"
EndProject
Global
	GlobalSection(SolutionConfigurationPlatforms) = preSolution
		Debug|Any CPU = Debug|Any CPU
		Release|Any CPU = Release|Any CPU
	EndGlobalSection
	GlobalSection(ProjectConfigurationPlatforms) = postSolution
		{EE4662F8-30C8-44EC-A55C-C4AF380EDEAE}.Debug|Any CPU.ActiveCfg = Debug|Any CPU
		{EE4662F8-30C8-44EC-A55C-C4AF380EDEAE}.Debug|Any CPU.Build.0 = Debug|Any CPU
		{EE4662F8-30C8-44EC-A55C-C4AF380EDEAE}.Release|Any CPU.ActiveCfg = Release|Any CPU
		{EE4662F8-30C8-44EC-A55C-C4AF380EDEAE}.Release|Any CPU.Build.0 = Release|Any CPU
	EndGlobalSection
	GlobalSection(SolutionProperties) = preSolution
		HideSolutionNode = FALSE
	EndGlobalSection
	GlobalSection(ExtensibilityGlobals) = postSolution
		SolutionGuid = {0892961A-CA3E-44CC-AAF8-BEB5B2F46316}
	EndGlobalSection
EndGlobal
